
Microsoft Visual Studio Solution File, Format Version 12.00
# Visual Studio 15
VisualStudioVersion = 15.0.27004.2008
MinimumVisualStudioVersion = 10.0.40219.1
Project("{FAE04EC0-301F-11D3-BF4B-00C04F79EFBC}") = "qemui", "qemui\qemui.csproj", "{57A66512-AF39-498B-9882-601584B70E11}"
EndProject
Global
	GlobalSection(SolutionConfigurationPlatforms) = preSolution
		Debug|Any CPU = Debug|Any CPU
		Release|Any CPU = Release|Any CPU
	EndGlobalSection
	GlobalSection(ProjectConfigurationPlatforms) = postSolution
		{57A66512-AF39-498B-9882-601584B70E11}.Debug|Any CPU.ActiveCfg = Release|Any CPU
		{57A66512-AF39-498B-9882-601584B70E11}.Debug|Any CPU.Build.0 = Release|Any CPU
		{57A66512-AF39-498B-9882-601584B70E11}.Release|Any CPU.ActiveCfg = Release|Any CPU
		{57A66512-AF39-498B-9882-601584B70E11}.Release|Any CPU.Build.0 = Release|Any CPU
	EndGlobalSection
	GlobalSection(SolutionProperties) = preSolution
		HideSolutionNode = FALSE
	EndGlobalSection
	GlobalSection(ExtensibilityGlobals) = postSolution
		SolutionGuid = {1DE0877D-D4BC-47FE-B6C5-3D1436B43570}
	EndGlobalSection
EndGlobal
